
Microsoft Visual Studio Solution File, Format Version 12.00
# Visual Studio Version 17
VisualStudioVersion = 17.9.34622.214
MinimumVisualStudioVersion = 10.0.40219.1
Project("{9A19103F-16F7-4668-BE54-9A1E7A4F7556}") = "NguyenVanQuyThuongmaidientu.Server", "NguyenVanQuyThuongmaidientu\Server\NguyenVanQuyThuongmaidientu.Server.csproj", "{8245339B-3E4A-43D0-BB98-BD56E4FC2D08}"
EndProject
Project("{9A19103F-16F7-4668-BE54-9A1E7A4F7556}") = "NguyenVanQuyThuongmaidientu.Client", "NguyenVanQuyThuongmaidientu\Client\NguyenVanQuyThuongmaidientu.Client.csproj", "{7A13640D-3279-4535-B583-B2772E60CDFE}"
EndProject
Project("{9A19103F-16F7-4668-BE54-9A1E7A4F7556}") = "NguyenVanQuyThuongmaidientu.Shared", "NguyenVanQuyThuongmaidientu\Shared\NguyenVanQuyThuongmaidientu.Shared.csproj", "{4C275AB4-0170-42B9-BFD9-6C61A6D6101E}"
EndProject
Global
	GlobalSection(SolutionConfigurationPlatforms) = preSolution
		Debug|Any CPU = Debug|Any CPU
		Release|Any CPU = Release|Any CPU
	EndGlobalSection
	GlobalSection(ProjectConfigurationPlatforms) = postSolution
		{8245339B-3E4A-43D0-BB98-BD56E4FC2D08}.Debug|Any CPU.ActiveCfg = Debug|Any CPU
		{8245339B-3E4A-43D0-BB98-BD56E4FC2D08}.Debug|Any CPU.Build.0 = Debug|Any CPU
		{8245339B-3E4A-43D0-BB98-BD56E4FC2D08}.Release|Any CPU.ActiveCfg = Release|Any CPU
		{8245339B-3E4A-43D0-BB98-BD56E4FC2D08}.Release|Any CPU.Build.0 = Release|Any CPU
		{7A13640D-3279-4535-B583-B2772E60CDFE}.Debug|Any CPU.ActiveCfg = Debug|Any CPU
		{7A13640D-3279-4535-B583-B2772E60CDFE}.Debug|Any CPU.Build.0 = Debug|Any CPU
		{7A13640D-3279-4535-B583-B2772E60CDFE}.Release|Any CPU.ActiveCfg = Release|Any CPU
		{7A13640D-3279-4535-B583-B2772E60CDFE}.Release|Any CPU.Build.0 = Release|Any CPU
		{4C275AB4-0170-42B9-BFD9-6C61A6D6101E}.Debug|Any CPU.ActiveCfg = Debug|Any CPU
		{4C275AB4-0170-42B9-BFD9-6C61A6D6101E}.Debug|Any CPU.Build.0 = Debug|Any CPU
		{4C275AB4-0170-42B9-BFD9-6C61A6D6101E}.Release|Any CPU.ActiveCfg = Release|Any CPU
		{4C275AB4-0170-42B9-BFD9-6C61A6D6101E}.Release|Any CPU.Build.0 = Release|Any CPU
	EndGlobalSection
	GlobalSection(SolutionProperties) = preSolution
		HideSolutionNode = FALSE
	EndGlobalSection
	GlobalSection(ExtensibilityGlobals) = postSolution
		SolutionGuid = {D75721C0-42A5-4CE6-85FC-0D1374E7DB5C}
	EndGlobalSection
EndGlobal
